
Microsoft Visual Studio Solution File, Format Version 12.00
# Visual Studio Version 16
VisualStudioVersion = 16.0.29424.173
MinimumVisualStudioVersion = 10.0.40219.1
Project("{FAE04EC0-301F-11D3-BF4B-00C04F79EFBC}") = "AnaOkuluYönetimi", "AnaOkuluYönetimi\AnaOkuluYönetimi.csproj", "{F5528C2E-F276-43FD-9139-63059DD64E45}"
EndProject
Global
	GlobalSection(SolutionConfigurationPlatforms) = preSolution
		Debug|Any CPU = Debug|Any CPU
		Release|Any CPU = Release|Any CPU
	EndGlobalSection
	GlobalSection(ProjectConfigurationPlatforms) = postSolution
		{F5528C2E-F276-43FD-9139-63059DD64E45}.Debug|Any CPU.ActiveCfg = Debug|Any CPU
		{F5528C2E-F276-43FD-9139-63059DD64E45}.Debug|Any CPU.Build.0 = Debug|Any CPU
		{F5528C2E-F276-43FD-9139-63059DD64E45}.Release|Any CPU.ActiveCfg = Release|Any CPU
		{F5528C2E-F276-43FD-9139-63059DD64E45}.Release|Any CPU.Build.0 = Release|Any CPU
	EndGlobalSection
	GlobalSection(SolutionProperties) = preSolution
		HideSolutionNode = FALSE
	EndGlobalSection
	GlobalSection(ExtensibilityGlobals) = postSolution
		SolutionGuid = {D2CCBBB8-3313-4A3F-AB41-E738CD1E16FC}
	EndGlobalSection
EndGlobal
